
Microsoft Visual Studio Solution File, Format Version 12.00
# Visual Studio Version 16
VisualStudioVersion = 16.0.29411.108
MinimumVisualStudioVersion = 10.0.40219.1
Project("{FAE04EC0-301F-11D3-BF4B-00C04F79EFBC}") = "Examinationsuppgift", "Examinationsuppgift\Examinationsuppgift.csproj", "{1EE31C86-6A15-428D-AE37-2B8423D5D98D}"
EndProject
Global
	GlobalSection(SolutionConfigurationPlatforms) = preSolution
		Debug|Any CPU = Debug|Any CPU
		Release|Any CPU = Release|Any CPU
	EndGlobalSection
	GlobalSection(ProjectConfigurationPlatforms) = postSolution
		{1EE31C86-6A15-428D-AE37-2B8423D5D98D}.Debug|Any CPU.ActiveCfg = Debug|Any CPU
		{1EE31C86-6A15-428D-AE37-2B8423D5D98D}.Debug|Any CPU.Build.0 = Debug|Any CPU
		{1EE31C86-6A15-428D-AE37-2B8423D5D98D}.Release|Any CPU.ActiveCfg = Release|Any CPU
		{1EE31C86-6A15-428D-AE37-2B8423D5D98D}.Release|Any CPU.Build.0 = Release|Any CPU
	EndGlobalSection
	GlobalSection(SolutionProperties) = preSolution
		HideSolutionNode = FALSE
	EndGlobalSection
	GlobalSection(ExtensibilityGlobals) = postSolution
		SolutionGuid = {7BC03996-A230-4B0B-B2A4-A9750D1C19E0}
	EndGlobalSection
EndGlobal
